
Microsoft Visual Studio Solution File, Format Version 12.00
# Visual Studio 14
VisualStudioVersion = 14.0.25420.1
MinimumVisualStudioVersion = 10.0.40219.1
Project("{FAE04EC0-301F-11D3-BF4B-00C04F79EFBC}") = "Disconnected_Example", "Disconnected_Example\Disconnected_Example.csproj", "{66D1FE4A-D0C0-4150-9CE8-55DFC2073004}"
EndProject
Project("{FAE04EC0-301F-11D3-BF4B-00C04F79EFBC}") = "DBFirstExample", "DBFirstExample\DBFirstExample.csproj", "{6B7B333B-EE2C-4F99-860C-D9D891C86B1E}"
EndProject
Project("{FAE04EC0-301F-11D3-BF4B-00C04F79EFBC}") = "CodeFirstExample", "CodeFirstExample\CodeFirstExample.csproj", "{409EF717-421C-420C-9533-A9BB68E632A8}"
EndProject
Global
	GlobalSection(SolutionConfigurationPlatforms) = preSolution
		Debug|Any CPU = Debug|Any CPU
		Release|Any CPU = Release|Any CPU
	EndGlobalSection
	GlobalSection(ProjectConfigurationPlatforms) = postSolution
		{66D1FE4A-D0C0-4150-9CE8-55DFC2073004}.Debug|Any CPU.ActiveCfg = Debug|Any CPU
		{66D1FE4A-D0C0-4150-9CE8-55DFC2073004}.Debug|Any CPU.Build.0 = Debug|Any CPU
		{66D1FE4A-D0C0-4150-9CE8-55DFC2073004}.Release|Any CPU.ActiveCfg = Release|Any CPU
		{66D1FE4A-D0C0-4150-9CE8-55DFC2073004}.Release|Any CPU.Build.0 = Release|Any CPU
		{6B7B333B-EE2C-4F99-860C-D9D891C86B1E}.Debug|Any CPU.ActiveCfg = Debug|Any CPU
		{6B7B333B-EE2C-4F99-860C-D9D891C86B1E}.Debug|Any CPU.Build.0 = Debug|Any CPU
		{6B7B333B-EE2C-4F99-860C-D9D891C86B1E}.Release|Any CPU.ActiveCfg = Release|Any CPU
		{6B7B333B-EE2C-4F99-860C-D9D891C86B1E}.Release|Any CPU.Build.0 = Release|Any CPU
		{409EF717-421C-420C-9533-A9BB68E632A8}.Debug|Any CPU.ActiveCfg = Debug|Any CPU
		{409EF717-421C-420C-9533-A9BB68E632A8}.Debug|Any CPU.Build.0 = Debug|Any CPU
		{409EF717-421C-420C-9533-A9BB68E632A8}.Release|Any CPU.ActiveCfg = Release|Any CPU
		{409EF717-421C-420C-9533-A9BB68E632A8}.Release|Any CPU.Build.0 = Release|Any CPU
	EndGlobalSection
	GlobalSection(SolutionProperties) = preSolution
		HideSolutionNode = FALSE
	EndGlobalSection
EndGlobal
